
Microsoft Visual Studio Solution File, Format Version 12.00
# Visual Studio Version 16
VisualStudioVersion = 16.0.30907.101
MinimumVisualStudioVersion = 10.0.40219.1
Project("{FAE04EC0-301F-11D3-BF4B-00C04F79EFBC}") = "BillofQuantities", "BillofQuantities.csproj", "{791BDB93-A275-4D45-B067-DE9AEF400077}"
EndProject
Global
	GlobalSection(SolutionConfigurationPlatforms) = preSolution
		Debug|Any CPU = Debug|Any CPU
		Release|Any CPU = Release|Any CPU
	EndGlobalSection
	GlobalSection(ProjectConfigurationPlatforms) = postSolution
		{791BDB93-A275-4D45-B067-DE9AEF400077}.Debug|Any CPU.ActiveCfg = Debug|Any CPU
		{791BDB93-A275-4D45-B067-DE9AEF400077}.Debug|Any CPU.Build.0 = Debug|Any CPU
		{791BDB93-A275-4D45-B067-DE9AEF400077}.Release|Any CPU.ActiveCfg = Release|Any CPU
		{791BDB93-A275-4D45-B067-DE9AEF400077}.Release|Any CPU.Build.0 = Release|Any CPU
	EndGlobalSection
	GlobalSection(SolutionProperties) = preSolution
		HideSolutionNode = FALSE
	EndGlobalSection
	GlobalSection(ExtensibilityGlobals) = postSolution
		SolutionGuid = {4E53BC05-A152-4F0D-B346-8A44AC0CBE01}
	EndGlobalSection
EndGlobal
